
Microsoft Visual Studio Solution File, Format Version 12.00
# Visual Studio 15
VisualStudioVersion = 15.0.28306.52
MinimumVisualStudioVersion = 10.0.40219.1
Project("{FAE04EC0-301F-11D3-BF4B-00C04F79EFBC}") = "Core_Sonar", "Core_Sonar\Core_Sonar.csproj", "{B3697192-6DFB-47FF-B1CA-5165577689B9}"
EndProject
Project("{FAE04EC0-301F-11D3-BF4B-00C04F79EFBC}") = "UnitTestProject1", "UnitTestProject1\UnitTestProject1.csproj", "{000D1E6B-C3C1-4144-A448-C9B5138A6601}"
EndProject
Global
	GlobalSection(SolutionConfigurationPlatforms) = preSolution
		Debug|Any CPU = Debug|Any CPU
		Release|Any CPU = Release|Any CPU
	EndGlobalSection
	GlobalSection(ProjectConfigurationPlatforms) = postSolution
		{B3697192-6DFB-47FF-B1CA-5165577689B9}.Debug|Any CPU.ActiveCfg = Debug|Any CPU
		{B3697192-6DFB-47FF-B1CA-5165577689B9}.Debug|Any CPU.Build.0 = Debug|Any CPU
		{B3697192-6DFB-47FF-B1CA-5165577689B9}.Release|Any CPU.ActiveCfg = Release|Any CPU
		{B3697192-6DFB-47FF-B1CA-5165577689B9}.Release|Any CPU.Build.0 = Release|Any CPU
		{000D1E6B-C3C1-4144-A448-C9B5138A6601}.Debug|Any CPU.ActiveCfg = Debug|Any CPU
		{000D1E6B-C3C1-4144-A448-C9B5138A6601}.Debug|Any CPU.Build.0 = Debug|Any CPU
		{000D1E6B-C3C1-4144-A448-C9B5138A6601}.Release|Any CPU.ActiveCfg = Release|Any CPU
		{000D1E6B-C3C1-4144-A448-C9B5138A6601}.Release|Any CPU.Build.0 = Release|Any CPU
	EndGlobalSection
	GlobalSection(SolutionProperties) = preSolution
		HideSolutionNode = FALSE
	EndGlobalSection
	GlobalSection(ExtensibilityGlobals) = postSolution
		SolutionGuid = {AD0C7757-6432-4381-BEB8-64D389B3613D}
	EndGlobalSection
EndGlobal
